// !$*UTF8*$!
{
	archiveVersion = 1;
	classes = {
	};
	objectVersion = 56;
	objects = {

/* Begin PBXBuildFile section */
		99314F522AC3C74B0048A8DD /* PokedexCoordinatorTests.swift in Sources */ = {isa = PBXBuildFile; fileRef = 99314F512AC3C74B0048A8DD /* PokedexCoordinatorTests.swift */; };
		99E5B7FE2AA7FF480064E077 /* AppDelegate.swift in Sources */ = {isa = PBXBuildFile; fileRef = 99E5B7FD2AA7FF480064E077 /* AppDelegate.swift */; };
		99E5B8022AA7FF480064E077 /* PokedexInfoViewController.swift in Sources */ = {isa = PBXBuildFile; fileRef = 99E5B8012AA7FF480064E077 /* PokedexInfoViewController.swift */; };
		99E5B8072AA7FF490064E077 /* Assets.xcassets in Resources */ = {isa = PBXBuildFile; fileRef = 99E5B8062AA7FF490064E077 /* Assets.xcassets */; };
		99E5B80A2AA7FF490064E077 /* LaunchScreen.storyboard in Resources */ = {isa = PBXBuildFile; fileRef = 99E5B8082AA7FF490064E077 /* LaunchScreen.storyboard */; };
		99E5B8152AA7FF490064E077 /* PokedexViewModelTests.swift in Sources */ = {isa = PBXBuildFile; fileRef = 99E5B8142AA7FF490064E077 /* PokedexViewModelTests.swift */; };
		99E5B82E2AA81A720064E077 /* AppCoordinator.swift in Sources */ = {isa = PBXBuildFile; fileRef = 99E5B82D2AA81A720064E077 /* AppCoordinator.swift */; };
		99E5B8302AA81B1D0064E077 /* CoordinatorProtocol.swift in Sources */ = {isa = PBXBuildFile; fileRef = 99E5B82F2AA81B1D0064E077 /* CoordinatorProtocol.swift */; };
		99E5B8322AA81B7B0064E077 /* MinimumViewMethodsProtocol.swift in Sources */ = {isa = PBXBuildFile; fileRef = 99E5B8312AA81B7B0064E077 /* MinimumViewMethodsProtocol.swift */; };
		99E5B8342AA81BCA0064E077 /* PublicAPI.swift in Sources */ = {isa = PBXBuildFile; fileRef = 99E5B8332AA81BCA0064E077 /* PublicAPI.swift */; };
		99E5B8372AB152540064E077 /* Alert.swift in Sources */ = {isa = PBXBuildFile; fileRef = 99E5B8362AB152540064E077 /* Alert.swift */; };
		99E5B83C2AB1534D0064E077 /* AlertPresenterProtocol.swift in Sources */ = {isa = PBXBuildFile; fileRef = 99E5B83B2AB1534D0064E077 /* AlertPresenterProtocol.swift */; };
		99E5B83E2AB155470064E077 /* UIStackView+Spacing.swift in Sources */ = {isa = PBXBuildFile; fileRef = 99E5B83D2AB155470064E077 /* UIStackView+Spacing.swift */; };
		99E5B8402AB155920064E077 /* PokemonModel.swift in Sources */ = {isa = PBXBuildFile; fileRef = 99E5B83F2AB155920064E077 /* PokemonModel.swift */; };
		99E5B8432AB155E00064E077 /* Abilities.swift in Sources */ = {isa = PBXBuildFile; fileRef = 99E5B8422AB155E00064E077 /* Abilities.swift */; };
		99E5B8452AB156180064E077 /* Types.swift in Sources */ = {isa = PBXBuildFile; fileRef = 99E5B8442AB156180064E077 /* Types.swift */; };
		99E5B8472AB156800064E077 /* Form.swift in Sources */ = {isa = PBXBuildFile; fileRef = 99E5B8462AB156800064E077 /* Form.swift */; };
		99E5B8492AB157FC0064E077 /* PokedexInfoView.swift in Sources */ = {isa = PBXBuildFile; fileRef = 99E5B8482AB157FC0064E077 /* PokedexInfoView.swift */; };
		99E5B84C2AB1587A0064E077 /* PokedexInfoProtocol.swift in Sources */ = {isa = PBXBuildFile; fileRef = 99E5B84B2AB1587A0064E077 /* PokedexInfoProtocol.swift */; };
		99E5B84E2AB159910064E077 /* PokemonInfoView.swift in Sources */ = {isa = PBXBuildFile; fileRef = 99E5B84D2AB159910064E077 /* PokemonInfoView.swift */; };
		99E5B8502AB15A8A0064E077 /* PokedexInfoViewModel.swift in Sources */ = {isa = PBXBuildFile; fileRef = 99E5B84F2AB15A8A0064E077 /* PokedexInfoViewModel.swift */; };
		99E5B8532AB15E1C0064E077 /* PokedexInfoViewModelProtocol.swift in Sources */ = {isa = PBXBuildFile; fileRef = 99E5B8522AB15E1C0064E077 /* PokedexInfoViewModelProtocol.swift */; };
		99E5B8552AB1615E0064E077 /* PokedexInfoCoordinator.swift in Sources */ = {isa = PBXBuildFile; fileRef = 99E5B8542AB1615E0064E077 /* PokedexInfoCoordinator.swift */; };
		99E5B8572AB1623B0064E077 /* PokedexCoordinatorProtocol.swift in Sources */ = {isa = PBXBuildFile; fileRef = 99E5B8562AB1623B0064E077 /* PokedexCoordinatorProtocol.swift */; };
		99E5B8592AB168C00064E077 /* PokemonList.swift in Sources */ = {isa = PBXBuildFile; fileRef = 99E5B8582AB168C00064E077 /* PokemonList.swift */; };
		99E5B85B2AB168F00064E077 /* Pokemon.swift in Sources */ = {isa = PBXBuildFile; fileRef = 99E5B85A2AB168F00064E077 /* Pokemon.swift */; };
		99E5B85D2AB16AAB0064E077 /* PokemonCell.swift in Sources */ = {isa = PBXBuildFile; fileRef = 99E5B85C2AB16AAB0064E077 /* PokemonCell.swift */; };
		99E5B85F2AB16AEC0064E077 /* PokedexView.swift in Sources */ = {isa = PBXBuildFile; fileRef = 99E5B85E2AB16AEC0064E077 /* PokedexView.swift */; };
		99E5B8612AB16B570064E077 /* PokemonViewModelProtocol.swift in Sources */ = {isa = PBXBuildFile; fileRef = 99E5B8602AB16B570064E077 /* PokemonViewModelProtocol.swift */; };
		99E5B8632AB16D060064E077 /* PokedexViewProtocol.swift in Sources */ = {isa = PBXBuildFile; fileRef = 99E5B8622AB16D060064E077 /* PokedexViewProtocol.swift */; };
		99E5B8652AB16D940064E077 /* PokedexViewController.swift in Sources */ = {isa = PBXBuildFile; fileRef = 99E5B8642AB16D940064E077 /* PokedexViewController.swift */; };
		99E5B8682AB1718B0064E077 /* PokedexCellViewModel.swift in Sources */ = {isa = PBXBuildFile; fileRef = 99E5B8672AB1718B0064E077 /* PokedexCellViewModel.swift */; };
		99E5B86A2AB1731C0064E077 /* PokedexViewModel.swift in Sources */ = {isa = PBXBuildFile; fileRef = 99E5B8692AB1731C0064E077 /* PokedexViewModel.swift */; };
		99E5B86C2AB173D20064E077 /* PokedexViewModelProtocol.swift in Sources */ = {isa = PBXBuildFile; fileRef = 99E5B86B2AB173D20064E077 /* PokedexViewModelProtocol.swift */; };
		99E5B86E2AB174540064E077 /* PokedexCoordinator.swift in Sources */ = {isa = PBXBuildFile; fileRef = 99E5B86D2AB174540064E077 /* PokedexCoordinator.swift */; };
		99E5B8712AB177070064E077 /* PokemonCoordinatorProtocol.swift in Sources */ = {isa = PBXBuildFile; fileRef = 99E5B8702AB177070064E077 /* PokemonCoordinatorProtocol.swift */; };
		99E5B8732AB1774B0064E077 /* PokemonService.swift in Sources */ = {isa = PBXBuildFile; fileRef = 99E5B8722AB1774B0064E077 /* PokemonService.swift */; };
		99E5B8752AB177950064E077 /* PokemonServiceProtocol.swift in Sources */ = {isa = PBXBuildFile; fileRef = 99E5B8742AB177950064E077 /* PokemonServiceProtocol.swift */; };
		99E5B8772AB177CC0064E077 /* ImageCache.swift in Sources */ = {isa = PBXBuildFile; fileRef = 99E5B8762AB177CC0064E077 /* ImageCache.swift */; };
		99E5B8792AB177FB0064E077 /* PokemonRequest.swift in Sources */ = {isa = PBXBuildFile; fileRef = 99E5B8782AB177FB0064E077 /* PokemonRequest.swift */; };
/* End PBXBuildFile section */

/* Begin PBXContainerItemProxy section */
		99E5B8112AA7FF490064E077 /* PBXContainerItemProxy */ = {
			isa = PBXContainerItemProxy;
			containerPortal = 99E5B7F22AA7FF480064E077 /* Project object */;
			proxyType = 1;
			remoteGlobalIDString = 99E5B7F92AA7FF480064E077;
			remoteInfo = Pokedex;
		};
/* End PBXContainerItemProxy section */

/* Begin PBXFileReference section */
		99314F512AC3C74B0048A8DD /* PokedexCoordinatorTests.swift */ = {isa = PBXFileReference; lastKnownFileType = sourcecode.swift; name = PokedexCoordinatorTests.swift; path = ../../../../../PokedexCoordinatorTests.swift; sourceTree = "<group>"; };
		99E5B7FA2AA7FF480064E077 /* Pokedex.app */ = {isa = PBXFileReference; explicitFileType = wrapper.application; includeInIndex = 0; path = Pokedex.app; sourceTree = BUILT_PRODUCTS_DIR; };
		99E5B7FD2AA7FF480064E077 /* AppDelegate.swift */ = {isa = PBXFileReference; lastKnownFileType = sourcecode.swift; path = AppDelegate.swift; sourceTree = "<group>"; };
		99E5B8012AA7FF480064E077 /* PokedexInfoViewController.swift */ = {isa = PBXFileReference; lastKnownFileType = sourcecode.swift; path = PokedexInfoViewController.swift; sourceTree = "<group>"; };
		99E5B8062AA7FF490064E077 /* Assets.xcassets */ = {isa = PBXFileReference; lastKnownFileType = folder.assetcatalog; path = Assets.xcassets; sourceTree = "<group>"; };
		99E5B8092AA7FF490064E077 /* Base */ = {isa = PBXFileReference; lastKnownFileType = file.storyboard; name = Base; path = Base.lproj/LaunchScreen.storyboard; sourceTree = "<group>"; };
		99E5B80B2AA7FF490064E077 /* Info.plist */ = {isa = PBXFileReference; lastKnownFileType = text.plist.xml; path = Info.plist; sourceTree = "<group>"; };
		99E5B8102AA7FF490064E077 /* PokedexTests.xctest */ = {isa = PBXFileReference; explicitFileType = wrapper.cfbundle; includeInIndex = 0; path = PokedexTests.xctest; sourceTree = BUILT_PRODUCTS_DIR; };
		99E5B8142AA7FF490064E077 /* PokedexViewModelTests.swift */ = {isa = PBXFileReference; lastKnownFileType = sourcecode.swift; path = PokedexViewModelTests.swift; sourceTree = "<group>"; };
		99E5B82D2AA81A720064E077 /* AppCoordinator.swift */ = {isa = PBXFileReference; lastKnownFileType = sourcecode.swift; path = AppCoordinator.swift; sourceTree = "<group>"; };
		99E5B82F2AA81B1D0064E077 /* CoordinatorProtocol.swift */ = {isa = PBXFileReference; lastKnownFileType = sourcecode.swift; path = CoordinatorProtocol.swift; sourceTree = "<group>"; };
		99E5B8312AA81B7B0064E077 /* MinimumViewMethodsProtocol.swift */ = {isa = PBXFileReference; lastKnownFileType = sourcecode.swift; path = MinimumViewMethodsProtocol.swift; sourceTree = "<group>"; };
		99E5B8332AA81BCA0064E077 /* PublicAPI.swift */ = {isa = PBXFileReference; lastKnownFileType = sourcecode.swift; path = PublicAPI.swift; sourceTree = "<group>"; };
		99E5B8362AB152540064E077 /* Alert.swift */ = {isa = PBXFileReference; lastKnownFileType = sourcecode.swift; path = Alert.swift; sourceTree = "<group>"; };
		99E5B83B2AB1534D0064E077 /* AlertPresenterProtocol.swift */ = {isa = PBXFileReference; lastKnownFileType = sourcecode.swift; path = AlertPresenterProtocol.swift; sourceTree = "<group>"; };
		99E5B83D2AB155470064E077 /* UIStackView+Spacing.swift */ = {isa = PBXFileReference; lastKnownFileType = sourcecode.swift; path = "UIStackView+Spacing.swift"; sourceTree = "<group>"; };
		99E5B83F2AB155920064E077 /* PokemonModel.swift */ = {isa = PBXFileReference; lastKnownFileType = sourcecode.swift; path = PokemonModel.swift; sourceTree = "<group>"; };
		99E5B8422AB155E00064E077 /* Abilities.swift */ = {isa = PBXFileReference; lastKnownFileType = sourcecode.swift; path = Abilities.swift; sourceTree = "<group>"; };
		99E5B8442AB156180064E077 /* Types.swift */ = {isa = PBXFileReference; lastKnownFileType = sourcecode.swift; path = Types.swift; sourceTree = "<group>"; };
		99E5B8462AB156800064E077 /* Form.swift */ = {isa = PBXFileReference; lastKnownFileType = sourcecode.swift; path = Form.swift; sourceTree = "<group>"; };
		99E5B8482AB157FC0064E077 /* PokedexInfoView.swift */ = {isa = PBXFileReference; lastKnownFileType = sourcecode.swift; path = PokedexInfoView.swift; sourceTree = "<group>"; };
		99E5B84B2AB1587A0064E077 /* PokedexInfoProtocol.swift */ = {isa = PBXFileReference; lastKnownFileType = sourcecode.swift; path = PokedexInfoProtocol.swift; sourceTree = "<group>"; };
		99E5B84D2AB159910064E077 /* PokemonInfoView.swift */ = {isa = PBXFileReference; lastKnownFileType = sourcecode.swift; path = PokemonInfoView.swift; sourceTree = "<group>"; };
		99E5B84F2AB15A8A0064E077 /* PokedexInfoViewModel.swift */ = {isa = PBXFileReference; lastKnownFileType = sourcecode.swift; path = PokedexInfoViewModel.swift; sourceTree = "<group>"; };
		99E5B8522AB15E1C0064E077 /* PokedexInfoViewModelProtocol.swift */ = {isa = PBXFileReference; lastKnownFileType = sourcecode.swift; path = PokedexInfoViewModelProtocol.swift; sourceTree = "<group>"; };
		99E5B8542AB1615E0064E077 /* PokedexInfoCoordinator.swift */ = {isa = PBXFileReference; lastKnownFileType = sourcecode.swift; path = PokedexInfoCoordinator.swift; sourceTree = "<group>"; };
		99E5B8562AB1623B0064E077 /* PokedexCoordinatorProtocol.swift */ = {isa = PBXFileReference; lastKnownFileType = sourcecode.swift; path = PokedexCoordinatorProtocol.swift; sourceTree = "<group>"; };
		99E5B8582AB168C00064E077 /* PokemonList.swift */ = {isa = PBXFileReference; lastKnownFileType = sourcecode.swift; path = PokemonList.swift; sourceTree = "<group>"; };
		99E5B85A2AB168F00064E077 /* Pokemon.swift */ = {isa = PBXFileReference; lastKnownFileType = sourcecode.swift; path = Pokemon.swift; sourceTree = "<group>"; };
		99E5B85C2AB16AAB0064E077 /* PokemonCell.swift */ = {isa = PBXFileReference; lastKnownFileType = sourcecode.swift; path = PokemonCell.swift; sourceTree = "<group>"; };
		99E5B85E2AB16AEC0064E077 /* PokedexView.swift */ = {isa = PBXFileReference; lastKnownFileType = sourcecode.swift; path = PokedexView.swift; sourceTree = "<group>"; };
		99E5B8602AB16B570064E077 /* PokemonViewModelProtocol.swift */ = {isa = PBXFileReference; lastKnownFileType = sourcecode.swift; path = PokemonViewModelProtocol.swift; sourceTree = "<group>"; };
		99E5B8622AB16D060064E077 /* PokedexViewProtocol.swift */ = {isa = PBXFileReference; lastKnownFileType = sourcecode.swift; path = PokedexViewProtocol.swift; sourceTree = "<group>"; };
		99E5B8642AB16D940064E077 /* PokedexViewController.swift */ = {isa = PBXFileReference; lastKnownFileType = sourcecode.swift; path = PokedexViewController.swift; sourceTree = "<group>"; };
		99E5B8672AB1718B0064E077 /* PokedexCellViewModel.swift */ = {isa = PBXFileReference; lastKnownFileType = sourcecode.swift; path = PokedexCellViewModel.swift; sourceTree = "<group>"; };
		99E5B8692AB1731C0064E077 /* PokedexViewModel.swift */ = {isa = PBXFileReference; lastKnownFileType = sourcecode.swift; path = PokedexViewModel.swift; sourceTree = "<group>"; };
		99E5B86B2AB173D20064E077 /* PokedexViewModelProtocol.swift */ = {isa = PBXFileReference; lastKnownFileType = sourcecode.swift; path = PokedexViewModelProtocol.swift; sourceTree = "<group>"; };
		99E5B86D2AB174540064E077 /* PokedexCoordinator.swift */ = {isa = PBXFileReference; lastKnownFileType = sourcecode.swift; path = PokedexCoordinator.swift; sourceTree = "<group>"; };
		99E5B8702AB177070064E077 /* PokemonCoordinatorProtocol.swift */ = {isa = PBXFileReference; lastKnownFileType = sourcecode.swift; path = PokemonCoordinatorProtocol.swift; sourceTree = "<group>"; };
		99E5B8722AB1774B0064E077 /* PokemonService.swift */ = {isa = PBXFileReference; lastKnownFileType = sourcecode.swift; path = PokemonService.swift; sourceTree = "<group>"; };
		99E5B8742AB177950064E077 /* PokemonServiceProtocol.swift */ = {isa = PBXFileReference; lastKnownFileType = sourcecode.swift; path = PokemonServiceProtocol.swift; sourceTree = "<group>"; };
		99E5B8762AB177CC0064E077 /* ImageCache.swift */ = {isa = PBXFileReference; lastKnownFileType = sourcecode.swift; path = ImageCache.swift; sourceTree = "<group>"; };
		99E5B8782AB177FB0064E077 /* PokemonRequest.swift */ = {isa = PBXFileReference; lastKnownFileType = sourcecode.swift; path = PokemonRequest.swift; sourceTree = "<group>"; };
/* End PBXFileReference section */

/* Begin PBXFrameworksBuildPhase section */
		99E5B7F72AA7FF480064E077 /* Frameworks */ = {
			isa = PBXFrameworksBuildPhase;
			buildActionMask = 2147483647;
			files = (
			);
			runOnlyForDeploymentPostprocessing = 0;
		};
		99E5B80D2AA7FF490064E077 /* Frameworks */ = {
			isa = PBXFrameworksBuildPhase;
			buildActionMask = 2147483647;
			files = (
			);
			runOnlyForDeploymentPostprocessing = 0;
		};
/* End PBXFrameworksBuildPhase section */

/* Begin PBXGroup section */
		99E5B7F12AA7FF480064E077 = {
			isa = PBXGroup;
			children = (
				99E5B7FC2AA7FF480064E077 /* Pokedex */,
				99E5B8132AA7FF490064E077 /* PokedexTests */,
				99E5B7FB2AA7FF480064E077 /* Products */,
			);
			sourceTree = "<group>";
		};
		99E5B7FB2AA7FF480064E077 /* Products */ = {
			isa = PBXGroup;
			children = (
				99E5B7FA2AA7FF480064E077 /* Pokedex.app */,
				99E5B8102AA7FF490064E077 /* PokedexTests.xctest */,
			);
			name = Products;
			sourceTree = "<group>";
		};
		99E5B7FC2AA7FF480064E077 /* Pokedex */ = {
			isa = PBXGroup;
			children = (
				99E5B8662AB171500064E077 /* ViewController */,
				99E5B8512AB15A940064E077 /* ViewModel */,
				99E5B84A2AB158170064E077 /* View */,
				99E5B8412AB155AF0064E077 /* Model */,
				99E5B83A2AB1529B0064E077 /* Protocols */,
				99E5B8392AB152860064E077 /* App */,
				99E5B8382AB1526F0064E077 /* Alert */,
				99E5B8352AB152350064E077 /* API */,
				99E5B8062AA7FF490064E077 /* Assets.xcassets */,
				99E5B8082AA7FF490064E077 /* LaunchScreen.storyboard */,
				99E5B80B2AA7FF490064E077 /* Info.plist */,
			);
			path = Pokedex;
			sourceTree = "<group>";
		};
		99E5B8132AA7FF490064E077 /* PokedexTests */ = {
			isa = PBXGroup;
			children = (
				99E5B8142AA7FF490064E077 /* PokedexViewModelTests.swift */,
				99314F512AC3C74B0048A8DD /* PokedexCoordinatorTests.swift */,
			);
			path = PokedexTests;
			sourceTree = "<group>";
		};
		99E5B8352AB152350064E077 /* API */ = {
			isa = PBXGroup;
			children = (
				99E5B8332AA81BCA0064E077 /* PublicAPI.swift */,
				99E5B8762AB177CC0064E077 /* ImageCache.swift */,
				99E5B8782AB177FB0064E077 /* PokemonRequest.swift */,
			);
			path = API;
			sourceTree = "<group>";
		};
		99E5B8382AB1526F0064E077 /* Alert */ = {
			isa = PBXGroup;
			children = (
				99E5B8362AB152540064E077 /* Alert.swift */,
			);
			path = Alert;
			sourceTree = "<group>";
		};
		99E5B8392AB152860064E077 /* App */ = {
			isa = PBXGroup;
			children = (
				99E5B8542AB1615E0064E077 /* PokedexInfoCoordinator.swift */,
				99E5B82D2AA81A720064E077 /* AppCoordinator.swift */,
				99E5B7FD2AA7FF480064E077 /* AppDelegate.swift */,
				99E5B86D2AB174540064E077 /* PokedexCoordinator.swift */,
				99E5B8722AB1774B0064E077 /* PokemonService.swift */,
			);
			path = App;
			sourceTree = "<group>";
		};
		99E5B83A2AB1529B0064E077 /* Protocols */ = {
			isa = PBXGroup;
			children = (
				99E5B82F2AA81B1D0064E077 /* CoordinatorProtocol.swift */,
				99E5B8312AA81B7B0064E077 /* MinimumViewMethodsProtocol.swift */,
				99E5B83B2AB1534D0064E077 /* AlertPresenterProtocol.swift */,
				99E5B84B2AB1587A0064E077 /* PokedexInfoProtocol.swift */,
				99E5B8522AB15E1C0064E077 /* PokedexInfoViewModelProtocol.swift */,
				99E5B8562AB1623B0064E077 /* PokedexCoordinatorProtocol.swift */,
				99E5B8602AB16B570064E077 /* PokemonViewModelProtocol.swift */,
				99E5B8622AB16D060064E077 /* PokedexViewProtocol.swift */,
				99E5B86B2AB173D20064E077 /* PokedexViewModelProtocol.swift */,
				99E5B8702AB177070064E077 /* PokemonCoordinatorProtocol.swift */,
				99E5B8742AB177950064E077 /* PokemonServiceProtocol.swift */,
			);
			path = Protocols;
			sourceTree = "<group>";
		};
		99E5B8412AB155AF0064E077 /* Model */ = {
			isa = PBXGroup;
			children = (
				99E5B83F2AB155920064E077 /* PokemonModel.swift */,
				99E5B8422AB155E00064E077 /* Abilities.swift */,
				99E5B8442AB156180064E077 /* Types.swift */,
				99E5B8462AB156800064E077 /* Form.swift */,
				99E5B8582AB168C00064E077 /* PokemonList.swift */,
				99E5B85A2AB168F00064E077 /* Pokemon.swift */,
			);
			path = Model;
			sourceTree = "<group>";
		};
		99E5B84A2AB158170064E077 /* View */ = {
			isa = PBXGroup;
			children = (
				99E5B8482AB157FC0064E077 /* PokedexInfoView.swift */,
				99E5B84D2AB159910064E077 /* PokemonInfoView.swift */,
				99E5B85C2AB16AAB0064E077 /* PokemonCell.swift */,
				99E5B85E2AB16AEC0064E077 /* PokedexView.swift */,
				99E5B83D2AB155470064E077 /* UIStackView+Spacing.swift */,
			);
			path = View;
			sourceTree = "<group>";
		};
		99E5B8512AB15A940064E077 /* ViewModel */ = {
			isa = PBXGroup;
			children = (
				99E5B84F2AB15A8A0064E077 /* PokedexInfoViewModel.swift */,
				99E5B8672AB1718B0064E077 /* PokedexCellViewModel.swift */,
				99E5B8692AB1731C0064E077 /* PokedexViewModel.swift */,
			);
			path = ViewModel;
			sourceTree = "<group>";
		};
		99E5B8662AB171500064E077 /* ViewController */ = {
			isa = PBXGroup;
			children = (
				99E5B8012AA7FF480064E077 /* PokedexInfoViewController.swift */,
				99E5B8642AB16D940064E077 /* PokedexViewController.swift */,
			);
			path = ViewController;
			sourceTree = "<group>";
		};
/* End PBXGroup section */

/* Begin PBXNativeTarget section */
		99E5B7F92AA7FF480064E077 /* Pokedex */ = {
			isa = PBXNativeTarget;
			buildConfigurationList = 99E5B8242AA7FF4A0064E077 /* Build configuration list for PBXNativeTarget "Pokedex" */;
			buildPhases = (
				99E5B7F62AA7FF480064E077 /* Sources */,
				99E5B7F72AA7FF480064E077 /* Frameworks */,
				99E5B7F82AA7FF480064E077 /* Resources */,
			);
			buildRules = (
			);
			dependencies = (
			);
			name = Pokedex;
			productName = Pokedex;
			productReference = 99E5B7FA2AA7FF480064E077 /* Pokedex.app */;
			productType = "com.apple.product-type.application";
		};
		99E5B80F2AA7FF490064E077 /* PokedexTests */ = {
			isa = PBXNativeTarget;
			buildConfigurationList = 99E5B8272AA7FF4A0064E077 /* Build configuration list for PBXNativeTarget "PokedexTests" */;
			buildPhases = (
				99E5B80C2AA7FF490064E077 /* Sources */,
				99E5B80D2AA7FF490064E077 /* Frameworks */,
				99E5B80E2AA7FF490064E077 /* Resources */,
			);
			buildRules = (
			);
			dependencies = (
				99E5B8122AA7FF490064E077 /* PBXTargetDependency */,
			);
			name = PokedexTests;
			productName = PokedexTests;
			productReference = 99E5B8102AA7FF490064E077 /* PokedexTests.xctest */;
			productType = "com.apple.product-type.bundle.unit-test";
		};
/* End PBXNativeTarget section */

/* Begin PBXProject section */
		99E5B7F22AA7FF480064E077 /* Project object */ = {
			isa = PBXProject;
			attributes = {
				BuildIndependentTargetsInParallel = 1;
				LastSwiftUpdateCheck = 1430;
				LastUpgradeCheck = 1430;
				TargetAttributes = {
					99E5B7F92AA7FF480064E077 = {
						CreatedOnToolsVersion = 14.3.1;
					};
					99E5B80F2AA7FF490064E077 = {
						CreatedOnToolsVersion = 14.3.1;
						TestTargetID = 99E5B7F92AA7FF480064E077;
					};
				};
			};
			buildConfigurationList = 99E5B7F52AA7FF480064E077 /* Build configuration list for PBXProject "Pokedex" */;
			compatibilityVersion = "Xcode 14.0";
			developmentRegion = en;
			hasScannedForEncodings = 0;
			knownRegions = (
				en,
				Base,
			);
			mainGroup = 99E5B7F12AA7FF480064E077;
			productRefGroup = 99E5B7FB2AA7FF480064E077 /* Products */;
			projectDirPath = "";
			projectRoot = "";
			targets = (
				99E5B7F92AA7FF480064E077 /* Pokedex */,
				99E5B80F2AA7FF490064E077 /* PokedexTests */,
			);
		};
/* End PBXProject section */

/* Begin PBXResourcesBuildPhase section */
		99E5B7F82AA7FF480064E077 /* Resources */ = {
			isa = PBXResourcesBuildPhase;
			buildActionMask = 2147483647;
			files = (
				99E5B80A2AA7FF490064E077 /* LaunchScreen.storyboard in Resources */,
				99E5B8072AA7FF490064E077 /* Assets.xcassets in Resources */,
			);
			runOnlyForDeploymentPostprocessing = 0;
		};
		99E5B80E2AA7FF490064E077 /* Resources */ = {
			isa = PBXResourcesBuildPhase;
			buildActionMask = 2147483647;
			files = (
			);
			runOnlyForDeploymentPostprocessing = 0;
		};
/* End PBXResourcesBuildPhase section */

/* Begin PBXSourcesBuildPhase section */
		99E5B7F62AA7FF480064E077 /* Sources */ = {
			isa = PBXSourcesBuildPhase;
			buildActionMask = 2147483647;
			files = (
				99E5B84E2AB159910064E077 /* PokemonInfoView.swift in Sources */,
				99E5B86A2AB1731C0064E077 /* PokedexViewModel.swift in Sources */,
				99E5B84C2AB1587A0064E077 /* PokedexInfoProtocol.swift in Sources */,
				99E5B82E2AA81A720064E077 /* AppCoordinator.swift in Sources */,
				99E5B8432AB155E00064E077 /* Abilities.swift in Sources */,
				99E5B8772AB177CC0064E077 /* ImageCache.swift in Sources */,
				99E5B8322AA81B7B0064E077 /* MinimumViewMethodsProtocol.swift in Sources */,
				99E5B8682AB1718B0064E077 /* PokedexCellViewModel.swift in Sources */,
				99E5B8452AB156180064E077 /* Types.swift in Sources */,
				99E5B85D2AB16AAB0064E077 /* PokemonCell.swift in Sources */,
				99E5B8572AB1623B0064E077 /* PokedexCoordinatorProtocol.swift in Sources */,
				99E5B8022AA7FF480064E077 /* PokedexInfoViewController.swift in Sources */,
				99E5B8732AB1774B0064E077 /* PokemonService.swift in Sources */,
				99E5B8532AB15E1C0064E077 /* PokedexInfoViewModelProtocol.swift in Sources */,
				99E5B8402AB155920064E077 /* PokemonModel.swift in Sources */,
				99E5B86E2AB174540064E077 /* PokedexCoordinator.swift in Sources */,
				99E5B8552AB1615E0064E077 /* PokedexInfoCoordinator.swift in Sources */,
				99E5B8592AB168C00064E077 /* PokemonList.swift in Sources */,
				99E5B8342AA81BCA0064E077 /* PublicAPI.swift in Sources */,
				99E5B8302AA81B1D0064E077 /* CoordinatorProtocol.swift in Sources */,
				99E5B8652AB16D940064E077 /* PokedexViewController.swift in Sources */,
				99E5B85F2AB16AEC0064E077 /* PokedexView.swift in Sources */,
				99E5B8752AB177950064E077 /* PokemonServiceProtocol.swift in Sources */,
				99E5B8712AB177070064E077 /* PokemonCoordinatorProtocol.swift in Sources */,
				99E5B83C2AB1534D0064E077 /* AlertPresenterProtocol.swift in Sources */,
				99E5B8612AB16B570064E077 /* PokemonViewModelProtocol.swift in Sources */,
				99E5B8502AB15A8A0064E077 /* PokedexInfoViewModel.swift in Sources */,
				99E5B8492AB157FC0064E077 /* PokedexInfoView.swift in Sources */,
				99E5B8632AB16D060064E077 /* PokedexViewProtocol.swift in Sources */,
				99E5B8792AB177FB0064E077 /* PokemonRequest.swift in Sources */,
				99E5B85B2AB168F00064E077 /* Pokemon.swift in Sources */,
				99E5B8472AB156800064E077 /* Form.swift in Sources */,
				99E5B7FE2AA7FF480064E077 /* AppDelegate.swift in Sources */,
				99E5B8372AB152540064E077 /* Alert.swift in Sources */,
				99E5B83E2AB155470064E077 /* UIStackView+Spacing.swift in Sources */,
				99E5B86C2AB173D20064E077 /* PokedexViewModelProtocol.swift in Sources */,
			);
			runOnlyForDeploymentPostprocessing = 0;
		};
		99E5B80C2AA7FF490064E077 /* Sources */ = {
			isa = PBXSourcesBuildPhase;
			buildActionMask = 2147483647;
			files = (
				99E5B8152AA7FF490064E077 /* PokedexViewModelTests.swift in Sources */,
				99314F522AC3C74B0048A8DD /* PokedexCoordinatorTests.swift in Sources */,
			);
			runOnlyForDeploymentPostprocessing = 0;
		};
/* End PBXSourcesBuildPhase section */

/* Begin PBXTargetDependency section */
		99E5B8122AA7FF490064E077 /* PBXTargetDependency */ = {
			isa = PBXTargetDependency;
			target = 99E5B7F92AA7FF480064E077 /* Pokedex */;
			targetProxy = 99E5B8112AA7FF490064E077 /* PBXContainerItemProxy */;
		};
/* End PBXTargetDependency section */

/* Begin PBXVariantGroup section */
		99E5B8082AA7FF490064E077 /* LaunchScreen.storyboard */ = {
			isa = PBXVariantGroup;
			children = (
				99E5B8092AA7FF490064E077 /* Base */,
			);
			name = LaunchScreen.storyboard;
			sourceTree = "<group>";
		};
/* End PBXVariantGroup section */

/* Begin XCBuildConfiguration section */
		99E5B8222AA7FF4A0064E077 /* Debug */ = {
			isa = XCBuildConfiguration;
			buildSettings = {
				ALWAYS_SEARCH_USER_PATHS = NO;
				CLANG_ANALYZER_NONNULL = YES;
				CLANG_ANALYZER_NUMBER_OBJECT_CONVERSION = YES_AGGRESSIVE;
				CLANG_CXX_LANGUAGE_STANDARD = "gnu++20";
				CLANG_ENABLE_MODULES = YES;
				CLANG_ENABLE_OBJC_ARC = YES;
				CLANG_ENABLE_OBJC_WEAK = YES;
				CLANG_WARN_BLOCK_CAPTURE_AUTORELEASING = YES;
				CLANG_WARN_BOOL_CONVERSION = YES;
				CLANG_WARN_COMMA = YES;
				CLANG_WARN_CONSTANT_CONVERSION = YES;
				CLANG_WARN_DEPRECATED_OBJC_IMPLEMENTATIONS = YES;
				CLANG_WARN_DIRECT_OBJC_ISA_USAGE = YES_ERROR;
				CLANG_WARN_DOCUMENTATION_COMMENTS = YES;
				CLANG_WARN_EMPTY_BODY = YES;
				CLANG_WARN_ENUM_CONVERSION = YES;
				CLANG_WARN_INFINITE_RECURSION = YES;
				CLANG_WARN_INT_CONVERSION = YES;
				CLANG_WARN_NON_LITERAL_NULL_CONVERSION = YES;
				CLANG_WARN_OBJC_IMPLICIT_RETAIN_SELF = YES;
				CLANG_WARN_OBJC_LITERAL_CONVERSION = YES;
				CLANG_WARN_OBJC_ROOT_CLASS = YES_ERROR;
				CLANG_WARN_QUOTED_INCLUDE_IN_FRAMEWORK_HEADER = YES;
				CLANG_WARN_RANGE_LOOP_ANALYSIS = YES;
				CLANG_WARN_STRICT_PROTOTYPES = YES;
				CLANG_WARN_SUSPICIOUS_MOVE = YES;
				CLANG_WARN_UNGUARDED_AVAILABILITY = YES_AGGRESSIVE;
				CLANG_WARN_UNREACHABLE_CODE = YES;
				CLANG_WARN__DUPLICATE_METHOD_MATCH = YES;
				COPY_PHASE_STRIP = NO;
				DEBUG_INFORMATION_FORMAT = dwarf;
				ENABLE_STRICT_OBJC_MSGSEND = YES;
				ENABLE_TESTABILITY = YES;
				GCC_C_LANGUAGE_STANDARD = gnu11;
				GCC_DYNAMIC_NO_PIC = NO;
				GCC_NO_COMMON_BLOCKS = YES;
				GCC_OPTIMIZATION_LEVEL = 0;
				GCC_PREPROCESSOR_DEFINITIONS = (
					"DEBUG=1",
					"$(inherited)",
				);
				GCC_WARN_64_TO_32_BIT_CONVERSION = YES;
				GCC_WARN_ABOUT_RETURN_TYPE = YES_ERROR;
				GCC_WARN_UNDECLARED_SELECTOR = YES;
				GCC_WARN_UNINITIALIZED_AUTOS = YES_AGGRESSIVE;
				GCC_WARN_UNUSED_FUNCTION = YES;
				GCC_WARN_UNUSED_VARIABLE = YES;
				IPHONEOS_DEPLOYMENT_TARGET = 16.4;
				MTL_ENABLE_DEBUG_INFO = INCLUDE_SOURCE;
				MTL_FAST_MATH = YES;
				ONLY_ACTIVE_ARCH = YES;
				SDKROOT = iphoneos;
				SWIFT_ACTIVE_COMPILATION_CONDITIONS = DEBUG;
				SWIFT_OPTIMIZATION_LEVEL = "-Onone";
			};
			name = Debug;
		};
		99E5B8232AA7FF4A0064E077 /* Release */ = {
			isa = XCBuildConfiguration;
			buildSettings = {
				ALWAYS_SEARCH_USER_PATHS = NO;
				CLANG_ANALYZER_NONNULL = YES;
				CLANG_ANALYZER_NUMBER_OBJECT_CONVERSION = YES_AGGRESSIVE;
				CLANG_CXX_LANGUAGE_STANDARD = "gnu++20";
				CLANG_ENABLE_MODULES = YES;
				CLANG_ENABLE_OBJC_ARC = YES;
				CLANG_ENABLE_OBJC_WEAK = YES;
				CLANG_WARN_BLOCK_CAPTURE_AUTORELEASING = YES;
				CLANG_WARN_BOOL_CONVERSION = YES;
				CLANG_WARN_COMMA = YES;
				CLANG_WARN_CONSTANT_CONVERSION = YES;
				CLANG_WARN_DEPRECATED_OBJC_IMPLEMENTATIONS = YES;
				CLANG_WARN_DIRECT_OBJC_ISA_USAGE = YES_ERROR;
				CLANG_WARN_DOCUMENTATION_COMMENTS = YES;
				CLANG_WARN_EMPTY_BODY = YES;
				CLANG_WARN_ENUM_CONVERSION = YES;
				CLANG_WARN_INFINITE_RECURSION = YES;
				CLANG_WARN_INT_CONVERSION = YES;
				CLANG_WARN_NON_LITERAL_NULL_CONVERSION = YES;
				CLANG_WARN_OBJC_IMPLICIT_RETAIN_SELF = YES;
				CLANG_WARN_OBJC_LITERAL_CONVERSION = YES;
				CLANG_WARN_OBJC_ROOT_CLASS = YES_ERROR;
				CLANG_WARN_QUOTED_INCLUDE_IN_FRAMEWORK_HEADER = YES;
				CLANG_WARN_RANGE_LOOP_ANALYSIS = YES;
				CLANG_WARN_STRICT_PROTOTYPES = YES;
				CLANG_WARN_SUSPICIOUS_MOVE = YES;
				CLANG_WARN_UNGUARDED_AVAILABILITY = YES_AGGRESSIVE;
				CLANG_WARN_UNREACHABLE_CODE = YES;
				CLANG_WARN__DUPLICATE_METHOD_MATCH = YES;
				COPY_PHASE_STRIP = NO;
				DEBUG_INFORMATION_FORMAT = "dwarf-with-dsym";
				ENABLE_NS_ASSERTIONS = NO;
				ENABLE_STRICT_OBJC_MSGSEND = YES;
				GCC_C_LANGUAGE_STANDARD = gnu11;
				GCC_NO_COMMON_BLOCKS = YES;
				GCC_WARN_64_TO_32_BIT_CONVERSION = YES;
				GCC_WARN_ABOUT_RETURN_TYPE = YES_ERROR;
				GCC_WARN_UNDECLARED_SELECTOR = YES;
				GCC_WARN_UNINITIALIZED_AUTOS = YES_AGGRESSIVE;
				GCC_WARN_UNUSED_FUNCTION = YES;
				GCC_WARN_UNUSED_VARIABLE = YES;
				IPHONEOS_DEPLOYMENT_TARGET = 16.4;
				MTL_ENABLE_DEBUG_INFO = NO;
				MTL_FAST_MATH = YES;
				SDKROOT = iphoneos;
				SWIFT_COMPILATION_MODE = wholemodule;
				SWIFT_OPTIMIZATION_LEVEL = "-O";
				VALIDATE_PRODUCT = YES;
			};
			name = Release;
		};
		99E5B8252AA7FF4A0064E077 /* Debug */ = {
			isa = XCBuildConfiguration;
			buildSettings = {
				ASSETCATALOG_COMPILER_APPICON_NAME = AppIcon;
				ASSETCATALOG_COMPILER_GLOBAL_ACCENT_COLOR_NAME = AccentColor;
				CODE_SIGN_STYLE = Automatic;
				CURRENT_PROJECT_VERSION = 1;
				GENERATE_INFOPLIST_FILE = YES;
				INFOPLIST_FILE = Pokedex/Info.plist;
				INFOPLIST_KEY_UILaunchStoryboardName = LaunchScreen;
				INFOPLIST_KEY_UIRequiredDeviceCapabilities = armv7;
				INFOPLIST_KEY_UISupportedInterfaceOrientations_iPhone = UIInterfaceOrientationPortrait;
				LD_RUNPATH_SEARCH_PATHS = (
					"$(inherited)",
					"@executable_path/Frameworks",
				);
				MARKETING_VERSION = 1.0;
				PRODUCT_BUNDLE_IDENTIFIER = com.gabiNamie.Pokedex;
				PRODUCT_NAME = "$(TARGET_NAME)";
				SWIFT_EMIT_LOC_STRINGS = YES;
				SWIFT_VERSION = 5.0;
				TARGETED_DEVICE_FAMILY = "1,2";
			};
			name = Debug;
		};
		99E5B8262AA7FF4A0064E077 /* Release */ = {
			isa = XCBuildConfiguration;
			buildSettings = {
				ASSETCATALOG_COMPILER_APPICON_NAME = AppIcon;
				ASSETCATALOG_COMPILER_GLOBAL_ACCENT_COLOR_NAME = AccentColor;
				CODE_SIGN_STYLE = Automatic;
				CURRENT_PROJECT_VERSION = 1;
				GENERATE_INFOPLIST_FILE = YES;
				INFOPLIST_FILE = Pokedex/Info.plist;
				INFOPLIST_KEY_UILaunchStoryboardName = LaunchScreen;
				INFOPLIST_KEY_UIRequiredDeviceCapabilities = armv7;
				INFOPLIST_KEY_UISupportedInterfaceOrientations_iPhone = UIInterfaceOrientationPortrait;
				LD_RUNPATH_SEARCH_PATHS = (
					"$(inherited)",
					"@executable_path/Frameworks",
				);
				MARKETING_VERSION = 1.0;
				PRODUCT_BUNDLE_IDENTIFIER = com.gabiNamie.Pokedex;
				PRODUCT_NAME = "$(TARGET_NAME)";
				SWIFT_EMIT_LOC_STRINGS = YES;
				SWIFT_VERSION = 5.0;
				TARGETED_DEVICE_FAMILY = "1,2";
			};
			name = Release;
		};
		99E5B8282AA7FF4A0064E077 /* Debug */ = {
			isa = XCBuildConfiguration;
			buildSettings = {
				ALWAYS_EMBED_SWIFT_STANDARD_LIBRARIES = YES;
				BUNDLE_LOADER = "$(TEST_HOST)";
				CODE_SIGN_STYLE = Automatic;
				CURRENT_PROJECT_VERSION = 1;
				GENERATE_INFOPLIST_FILE = YES;
				IPHONEOS_DEPLOYMENT_TARGET = 16.4;
				MARKETING_VERSION = 1.0;
				PRODUCT_BUNDLE_IDENTIFIER = com.gabiNamie.PokedexTests;
				PRODUCT_NAME = "$(TARGET_NAME)";
				SWIFT_EMIT_LOC_STRINGS = NO;
				SWIFT_VERSION = 5.0;
				TARGETED_DEVICE_FAMILY = "1,2";
				TEST_HOST = "$(BUILT_PRODUCTS_DIR)/Pokedex.app/$(BUNDLE_EXECUTABLE_FOLDER_PATH)/Pokedex";
			};
			name = Debug;
		};
		99E5B8292AA7FF4A0064E077 /* Release */ = {
			isa = XCBuildConfiguration;
			buildSettings = {
				ALWAYS_EMBED_SWIFT_STANDARD_LIBRARIES = YES;
				BUNDLE_LOADER = "$(TEST_HOST)";
				CODE_SIGN_STYLE = Automatic;
				CURRENT_PROJECT_VERSION = 1;
				GENERATE_INFOPLIST_FILE = YES;
				IPHONEOS_DEPLOYMENT_TARGET = 16.4;
				MARKETING_VERSION = 1.0;
				PRODUCT_BUNDLE_IDENTIFIER = com.gabiNamie.PokedexTests;
				PRODUCT_NAME = "$(TARGET_NAME)";
				SWIFT_EMIT_LOC_STRINGS = NO;
				SWIFT_VERSION = 5.0;
				TARGETED_DEVICE_FAMILY = "1,2";
				TEST_HOST = "$(BUILT_PRODUCTS_DIR)/Pokedex.app/$(BUNDLE_EXECUTABLE_FOLDER_PATH)/Pokedex";
			};
			name = Release;
		};
/* End XCBuildConfiguration section */

/* Begin XCConfigurationList section */
		99E5B7F52AA7FF480064E077 /* Build configuration list for PBXProject "Pokedex" */ = {
			isa = XCConfigurationList;
			buildConfigurations = (
				99E5B8222AA7FF4A0064E077 /* Debug */,
				99E5B8232AA7FF4A0064E077 /* Release */,
			);
			defaultConfigurationIsVisible = 0;
			defaultConfigurationName = Release;
		};
		99E5B8242AA7FF4A0064E077 /* Build configuration list for PBXNativeTarget "Pokedex" */ = {
			isa = XCConfigurationList;
			buildConfigurations = (
				99E5B8252AA7FF4A0064E077 /* Debug */,
				99E5B8262AA7FF4A0064E077 /* Release */,
			);
			defaultConfigurationIsVisible = 0;
			defaultConfigurationName = Release;
		};
		99E5B8272AA7FF4A0064E077 /* Build configuration list for PBXNativeTarget "PokedexTests" */ = {
			isa = XCConfigurationList;
			buildConfigurations = (
				99E5B8282AA7FF4A0064E077 /* Debug */,
				99E5B8292AA7FF4A0064E077 /* Release */,
			);
			defaultConfigurationIsVisible = 0;
			defaultConfigurationName = Release;
		};
/* End XCConfigurationList section */
	};
	rootObject = 99E5B7F22AA7FF480064E077 /* Project object */;
}
